
Microsoft Visual Studio Solution File, Format Version 12.00
Project("{FAE04EC0-301F-11D3-BF4B-00C04F79EFBC}") = "homework10", "homework10\homework10.csproj", "{832DE49C-C0C1-4A93-B555-F1A3FBBB3F2D}"
EndProject
Global
	GlobalSection(SolutionConfigurationPlatforms) = preSolution
		Debug|Any CPU = Debug|Any CPU
		Release|Any CPU = Release|Any CPU
	EndGlobalSection
	GlobalSection(ProjectConfigurationPlatforms) = postSolution
		{832DE49C-C0C1-4A93-B555-F1A3FBBB3F2D}.Debug|Any CPU.ActiveCfg = Debug|Any CPU
		{832DE49C-C0C1-4A93-B555-F1A3FBBB3F2D}.Debug|Any CPU.Build.0 = Debug|Any CPU
		{832DE49C-C0C1-4A93-B555-F1A3FBBB3F2D}.Release|Any CPU.ActiveCfg = Release|Any CPU
		{832DE49C-C0C1-4A93-B555-F1A3FBBB3F2D}.Release|Any CPU.Build.0 = Release|Any CPU
	EndGlobalSection
EndGlobal
